
Microsoft Visual Studio Solution File, Format Version 11.00
# Visual Studio 2010
Project("{FAE04EC0-301F-11D3-BF4B-00C04F79EFBC}") = "lampu lalu lintas", "lampu lalu lintas\lampu lalu lintas.csproj", "{ED3AE00E-3C79-456E-8A06-973CC9ABB43A}"
EndProject
Global
	GlobalSection(SolutionConfigurationPlatforms) = preSolution
		Debug|x86 = Debug|x86
		Release|x86 = Release|x86
	EndGlobalSection
	GlobalSection(ProjectConfigurationPlatforms) = postSolution
		{ED3AE00E-3C79-456E-8A06-973CC9ABB43A}.Debug|x86.ActiveCfg = Debug|x86
		{ED3AE00E-3C79-456E-8A06-973CC9ABB43A}.Debug|x86.Build.0 = Debug|x86
		{ED3AE00E-3C79-456E-8A06-973CC9ABB43A}.Release|x86.ActiveCfg = Release|x86
		{ED3AE00E-3C79-456E-8A06-973CC9ABB43A}.Release|x86.Build.0 = Release|x86
	EndGlobalSection
	GlobalSection(SolutionProperties) = preSolution
		HideSolutionNode = FALSE
	EndGlobalSection
EndGlobal
